<Solution>
  <Project Path="API/Api.csproj" Id="f21b48c1-cf14-4054-8340-13929a38e6f0" />
  <Project Path="Core/Core.csproj" />
  <Project Path="Infrastructure/Infrastructure.csproj" Id="31a6da42-6465-4b78-b1b7-af198407a3ad" />
  <Project Path="Application/Application.csproj" Id="d89df2b4-e29b-4c23-9d91-6003010bcebe" />  
</Solution>
